PODS:
  - Flutter (1.0.0)
  - flutter_youtube (0.0.1):
    - Flutter
    - XCDYouTubeKit
  - XCDYouTubeKit (2.8.1)

DEPENDENCIES:
  - Flutter (from `.symlinks/flutter/ios`)
  - flutter_youtube (from `.symlinks/plugins/flutter_youtube/ios`)

SPEC REPOS:
  trunk:
    - XCDYouTubeKit

EXTERNAL SOURCES:
  Flutter:
    :path: ".symlinks/flutter/ios"
  flutter_youtube:
    :path: ".symlinks/plugins/flutter_youtube/ios"

SPEC CHECKSUMS:
  Flutter: 0e3d915762c693b495b44d77113d4970485de6ec
  flutter_youtube: 142f8d5af0a11963bdc73e13bcae6eb78db746c2
  XCDYouTubeKit: 4ca4e3322fa556ec1c32932d378365c15ce1386e

PODFILE CHECKSUM: 7fb83752f59ead6285236625b82473f90b1cb932

COCOAPODS: 1.8.4
